
Microsoft Visual Studio Solution File, Format Version 12.00
# Visual Studio 14
VisualStudioVersion = 14.0.25420.1
MinimumVisualStudioVersion = 10.0.40219.1
Project("{FAE04EC0-301F-11D3-BF4B-00C04F79EFBC}") = "GravatarMobile_UWP", "GravatarMobile_UWP\GravatarMobile_UWP.csproj", "{A65D6CF5-02B0-4765-BDC0-5215240B2A19}"
EndProject
Project("{FAE04EC0-301F-11D3-BF4B-00C04F79EFBC}") = "GravatarMobile.Core", "..\..\src\Gravatar.Mobile.Core\GravatarMobile.Core.csproj", "{C56EE328-00D6-4585-B0B5-C74CDDE9E1FC}"
EndProject
Project("{FAE04EC0-301F-11D3-BF4B-00C04F79EFBC}") = "GravatarMobile.UWP", "..\..\src\GravatarMobile.UWP\GravatarMobile.UWP.csproj", "{E046A1C2-B6FE-4CFC-8123-B5F072F292F1}"
EndProject
Global
	GlobalSection(SolutionConfigurationPlatforms) = preSolution
		Debug|ARM = Debug|ARM
		Debug|x64 = Debug|x64
		Debug|x86 = Debug|x86
		Release|ARM = Release|ARM
		Release|x64 = Release|x64
		Release|x86 = Release|x86
	EndGlobalSection
	GlobalSection(ProjectConfigurationPlatforms) = postSolution
		{A65D6CF5-02B0-4765-BDC0-5215240B2A19}.Debug|ARM.ActiveCfg = Debug|ARM
		{A65D6CF5-02B0-4765-BDC0-5215240B2A19}.Debug|ARM.Build.0 = Debug|ARM
		{A65D6CF5-02B0-4765-BDC0-5215240B2A19}.Debug|ARM.Deploy.0 = Debug|ARM
		{A65D6CF5-02B0-4765-BDC0-5215240B2A19}.Debug|x64.ActiveCfg = Debug|x64
		{A65D6CF5-02B0-4765-BDC0-5215240B2A19}.Debug|x64.Build.0 = Debug|x64
		{A65D6CF5-02B0-4765-BDC0-5215240B2A19}.Debug|x64.Deploy.0 = Debug|x64
		{A65D6CF5-02B0-4765-BDC0-5215240B2A19}.Debug|x86.ActiveCfg = Debug|x86
		{A65D6CF5-02B0-4765-BDC0-5215240B2A19}.Debug|x86.Build.0 = Debug|x86
		{A65D6CF5-02B0-4765-BDC0-5215240B2A19}.Debug|x86.Deploy.0 = Debug|x86
		{A65D6CF5-02B0-4765-BDC0-5215240B2A19}.Release|ARM.ActiveCfg = Release|ARM
		{A65D6CF5-02B0-4765-BDC0-5215240B2A19}.Release|ARM.Build.0 = Release|ARM
		{A65D6CF5-02B0-4765-BDC0-5215240B2A19}.Release|ARM.Deploy.0 = Release|ARM
		{A65D6CF5-02B0-4765-BDC0-5215240B2A19}.Release|x64.ActiveCfg = Release|x64
		{A65D6CF5-02B0-4765-BDC0-5215240B2A19}.Release|x64.Build.0 = Release|x64
		{A65D6CF5-02B0-4765-BDC0-5215240B2A19}.Release|x64.Deploy.0 = Release|x64
		{A65D6CF5-02B0-4765-BDC0-5215240B2A19}.Release|x86.ActiveCfg = Release|x86
		{A65D6CF5-02B0-4765-BDC0-5215240B2A19}.Release|x86.Build.0 = Release|x86
		{A65D6CF5-02B0-4765-BDC0-5215240B2A19}.Release|x86.Deploy.0 = Release|x86
		{E046A1C2-B6FE-4CFC-8123-B5F072F292F1}.Debug|ARM.ActiveCfg = Debug|ARM
		{E046A1C2-B6FE-4CFC-8123-B5F072F292F1}.Debug|ARM.Build.0 = Debug|ARM
		{E046A1C2-B6FE-4CFC-8123-B5F072F292F1}.Debug|x86.ActiveCfg = Debug|x86
		{E046A1C2-B6FE-4CFC-8123-B5F072F292F1}.Debug|x86.Build.0 = Debug|x86
		{E046A1C2-B6FE-4CFC-8123-B5F072F292F1}.Release|ARM.ActiveCfg = Release|ARM
		{E046A1C2-B6FE-4CFC-8123-B5F072F292F1}.Release|ARM.Build.0 = Release|ARM
		{E046A1C2-B6FE-4CFC-8123-B5F072F292F1}.Release|x64.ActiveCfg = Release|x64
		{E046A1C2-B6FE-4CFC-8123-B5F072F292F1}.Release|x64.Build.0 = Release|x64
		{E046A1C2-B6FE-4CFC-8123-B5F072F292F1}.Release|x86.ActiveCfg = Release|x86
		{E046A1C2-B6FE-4CFC-8123-B5F072F292F1}.Release|x86.Build.0 = Release|x86
	EndGlobalSection
	GlobalSection(SolutionProperties) = preSolution
		HideSolutionNode = FALSE
	EndGlobalSection
EndGlobal
