
Microsoft Visual Studio Solution File, Format Version 12.00
# Visual Studio 2012
Project("{FAE04EC0-301F-11D3-BF4B-00C04F79EFBC}") = "GravatarMobile.Core", "..\..\src\Gravatar.Mobile.Core\GravatarMobile.Core.csproj", "{C56EE328-00D6-4585-B0B5-C74CDDE9E1FC}"
EndProject
Project("{FAE04EC0-301F-11D3-BF4B-00C04F79EFBC}") = "GravatarMobileForiOS-Classic", "GravatarMobile_iOS\GravatarMobileForiOS-Classic.csproj", "{DD1B4AA5-B87C-4150-8E46-017E02F59BA0}"
EndProject
Project("{FAE04EC0-301F-11D3-BF4B-00C04F79EFBC}") = "GravatarMobile.iOS-Classic", "..\..\src\GravatarMobile.iOS\GravatarMobile.iOS-Classic.csproj", "{13891A13-8DB6-41E6-AA1E-0B140A1F4002}"
EndProject
Global
	GlobalSection(SolutionConfigurationPlatforms) = preSolution
		Debug|iPhoneSimulator = Debug|iPhoneSimulator
		Release|iPhoneSimulator = Release|iPhoneSimulator
		Debug|iPhone = Debug|iPhone
		Release|iPhone = Release|iPhone
		Ad-Hoc|iPhone = Ad-Hoc|iPhone
		AppStore|iPhone = AppStore|iPhone
	EndGlobalSection
	GlobalSection(ProjectConfigurationPlatforms) = postSolution
		{13891A13-8DB6-41E6-AA1E-0B140A1F4002}.Ad-Hoc|iPhone.ActiveCfg = Release|Any CPU
		{13891A13-8DB6-41E6-AA1E-0B140A1F4002}.Ad-Hoc|iPhone.Build.0 = Release|Any CPU
		{13891A13-8DB6-41E6-AA1E-0B140A1F4002}.AppStore|iPhone.ActiveCfg = Release|Any CPU
		{13891A13-8DB6-41E6-AA1E-0B140A1F4002}.AppStore|iPhone.Build.0 = Release|Any CPU
		{13891A13-8DB6-41E6-AA1E-0B140A1F4002}.Debug|iPhone.ActiveCfg = Debug|Any CPU
		{13891A13-8DB6-41E6-AA1E-0B140A1F4002}.Debug|iPhone.Build.0 = Debug|Any CPU
		{13891A13-8DB6-41E6-AA1E-0B140A1F4002}.Debug|iPhoneSimulator.ActiveCfg = Debug|Any CPU
		{13891A13-8DB6-41E6-AA1E-0B140A1F4002}.Debug|iPhoneSimulator.Build.0 = Debug|Any CPU
		{13891A13-8DB6-41E6-AA1E-0B140A1F4002}.Release|iPhone.ActiveCfg = Release|Any CPU
		{13891A13-8DB6-41E6-AA1E-0B140A1F4002}.Release|iPhone.Build.0 = Release|Any CPU
		{13891A13-8DB6-41E6-AA1E-0B140A1F4002}.Release|iPhoneSimulator.ActiveCfg = Release|Any CPU
		{13891A13-8DB6-41E6-AA1E-0B140A1F4002}.Release|iPhoneSimulator.Build.0 = Release|Any CPU
		{C56EE328-00D6-4585-B0B5-C74CDDE9E1FC}.Ad-Hoc|iPhone.ActiveCfg = Release|Any CPU
		{C56EE328-00D6-4585-B0B5-C74CDDE9E1FC}.Ad-Hoc|iPhone.Build.0 = Release|Any CPU
		{C56EE328-00D6-4585-B0B5-C74CDDE9E1FC}.AppStore|iPhone.ActiveCfg = Release|Any CPU
		{C56EE328-00D6-4585-B0B5-C74CDDE9E1FC}.AppStore|iPhone.Build.0 = Release|Any CPU
		{C56EE328-00D6-4585-B0B5-C74CDDE9E1FC}.Debug|iPhone.ActiveCfg = Debug|Any CPU
		{C56EE328-00D6-4585-B0B5-C74CDDE9E1FC}.Debug|iPhone.Build.0 = Debug|Any CPU
		{C56EE328-00D6-4585-B0B5-C74CDDE9E1FC}.Debug|iPhoneSimulator.ActiveCfg = Debug|Any CPU
		{C56EE328-00D6-4585-B0B5-C74CDDE9E1FC}.Debug|iPhoneSimulator.Build.0 = Debug|Any CPU
		{C56EE328-00D6-4585-B0B5-C74CDDE9E1FC}.Release|iPhone.ActiveCfg = Release|Any CPU
		{C56EE328-00D6-4585-B0B5-C74CDDE9E1FC}.Release|iPhone.Build.0 = Release|Any CPU
		{C56EE328-00D6-4585-B0B5-C74CDDE9E1FC}.Release|iPhoneSimulator.ActiveCfg = Release|Any CPU
		{C56EE328-00D6-4585-B0B5-C74CDDE9E1FC}.Release|iPhoneSimulator.Build.0 = Release|Any CPU
		{DD1B4AA5-B87C-4150-8E46-017E02F59BA0}.Ad-Hoc|iPhone.ActiveCfg = Ad-Hoc|iPhone
		{DD1B4AA5-B87C-4150-8E46-017E02F59BA0}.Ad-Hoc|iPhone.Build.0 = Ad-Hoc|iPhone
		{DD1B4AA5-B87C-4150-8E46-017E02F59BA0}.AppStore|iPhone.ActiveCfg = AppStore|iPhone
		{DD1B4AA5-B87C-4150-8E46-017E02F59BA0}.AppStore|iPhone.Build.0 = AppStore|iPhone
		{DD1B4AA5-B87C-4150-8E46-017E02F59BA0}.Debug|iPhone.ActiveCfg = Debug|iPhone
		{DD1B4AA5-B87C-4150-8E46-017E02F59BA0}.Debug|iPhone.Build.0 = Debug|iPhone
		{DD1B4AA5-B87C-4150-8E46-017E02F59BA0}.Debug|iPhoneSimulator.ActiveCfg = Debug|iPhoneSimulator
		{DD1B4AA5-B87C-4150-8E46-017E02F59BA0}.Debug|iPhoneSimulator.Build.0 = Debug|iPhoneSimulator
		{DD1B4AA5-B87C-4150-8E46-017E02F59BA0}.Release|iPhone.ActiveCfg = Release|iPhone
		{DD1B4AA5-B87C-4150-8E46-017E02F59BA0}.Release|iPhone.Build.0 = Release|iPhone
		{DD1B4AA5-B87C-4150-8E46-017E02F59BA0}.Release|iPhoneSimulator.ActiveCfg = Release|iPhoneSimulator
		{DD1B4AA5-B87C-4150-8E46-017E02F59BA0}.Release|iPhoneSimulator.Build.0 = Release|iPhoneSimulator
	EndGlobalSection
	GlobalSection(MonoDevelopProperties) = preSolution
		StartupItem = GravatarMobile_iOS\GravatarMobileForiOS-Classic.csproj
	EndGlobalSection
EndGlobal
